
Microsoft Visual Studio Solution File, Format Version 12.00
# Visual Studio Version 16
VisualStudioVersion = 16.0.31702.278
MinimumVisualStudioVersion = 10.0.40219.1
Project("{FAE04EC0-301F-11D3-BF4B-00C04F79EFBC}") = "EAD2-CA2-database", "EAD2-CA2-database.csproj", "{B3CDD142-301F-4C76-B0B3-628DD395C2C1}"
EndProject
Global
	GlobalSection(SolutionConfigurationPlatforms) = preSolution
		Debug|Any CPU = Debug|Any CPU
		Release|Any CPU = Release|Any CPU
	EndGlobalSection
	GlobalSection(ProjectConfigurationPlatforms) = postSolution
		{B3CDD142-301F-4C76-B0B3-628DD395C2C1}.Debug|Any CPU.ActiveCfg = Debug|Any CPU
		{B3CDD142-301F-4C76-B0B3-628DD395C2C1}.Debug|Any CPU.Build.0 = Debug|Any CPU
		{B3CDD142-301F-4C76-B0B3-628DD395C2C1}.Release|Any CPU.ActiveCfg = Release|Any CPU
		{B3CDD142-301F-4C76-B0B3-628DD395C2C1}.Release|Any CPU.Build.0 = Release|Any CPU
	EndGlobalSection
	GlobalSection(SolutionProperties) = preSolution
		HideSolutionNode = FALSE
	EndGlobalSection
	GlobalSection(ExtensibilityGlobals) = postSolution
		SolutionGuid = {908EEC9A-8486-48B5-9DFE-D1B42ED7BA3A}
	EndGlobalSection
EndGlobal
